
Microsoft Visual Studio Solution File, Format Version 12.00
# Visual Studio 15
VisualStudioVersion = 15.0.28010.2048
MinimumVisualStudioVersion = 10.0.40219.1
Project("{FAE04EC0-301F-11D3-BF4B-00C04F79EFBC}") = "2048-game", "2048-game\2048-game.csproj", "{757F912E-8D6A-4CFC-9F54-9EF3ABE8FF07}"
EndProject
Global
	GlobalSection(SolutionConfigurationPlatforms) = preSolution
		Debug|Any CPU = Debug|Any CPU
		Release|Any CPU = Release|Any CPU
	EndGlobalSection
	GlobalSection(ProjectConfigurationPlatforms) = postSolution
		{757F912E-8D6A-4CFC-9F54-9EF3ABE8FF07}.Debug|Any CPU.ActiveCfg = Debug|Any CPU
		{757F912E-8D6A-4CFC-9F54-9EF3ABE8FF07}.Debug|Any CPU.Build.0 = Debug|Any CPU
		{757F912E-8D6A-4CFC-9F54-9EF3ABE8FF07}.Release|Any CPU.ActiveCfg = Release|Any CPU
		{757F912E-8D6A-4CFC-9F54-9EF3ABE8FF07}.Release|Any CPU.Build.0 = Release|Any CPU
	EndGlobalSection
	GlobalSection(SolutionProperties) = preSolution
		HideSolutionNode = FALSE
	EndGlobalSection
	GlobalSection(ExtensibilityGlobals) = postSolution
		SolutionGuid = {84970072-D227-4DD7-8023-ACCE4A2820B0}
	EndGlobalSection
EndGlobal
